// !$*UTF8*$!
{
	archiveVersion = 1;
	classes = {
	};
	objectVersion = 46;
	objects = {

/* Begin PBXBuildFile section */
		4480F6FACE125E45F46EA6F8 /* Pods_Liberalize_iOS_Example.framework in Frameworks */ = {isa = PBXBuildFile; fileRef = 8C74A486F0C31067BC9670CF /* Pods_Liberalize_iOS_Example.framework */; };
		5927D1020825157701EE9DFB /* Pods_Liberalize_iOS_Tests.framework in Frameworks */ = {isa = PBXBuildFile; fileRef = 8DB8F443A55DB58B3E3FB7D8 /* Pods_Liberalize_iOS_Tests.framework */; };
		607FACD61AFB9204008FA782 /* AppDelegate.swift in Sources */ = {isa = PBXBuildFile; fileRef = 607FACD51AFB9204008FA782 /* AppDelegate.swift */; };
		607FACD81AFB9204008FA782 /* MainViewController.swift in Sources */ = {isa = PBXBuildFile; fileRef = 607FACD71AFB9204008FA782 /* MainViewController.swift */; };
		607FACDB1AFB9204008FA782 /* Main.storyboard in Resources */ = {isa = PBXBuildFile; fileRef = 607FACD91AFB9204008FA782 /* Main.storyboard */; };
		607FACDD1AFB9204008FA782 /* Images.xcassets in Resources */ = {isa = PBXBuildFile; fileRef = 607FACDC1AFB9204008FA782 /* Images.xcassets */; };
		607FACE01AFB9204008FA782 /* LaunchScreen.xib in Resources */ = {isa = PBXBuildFile; fileRef = 607FACDE1AFB9204008FA782 /* LaunchScreen.xib */; };
		607FACEC1AFB9204008FA782 /* Tests.swift in Sources */ = {isa = PBXBuildFile; fileRef = 607FACEB1AFB9204008FA782 /* Tests.swift */; };
		8D0988EE27172FFD008999C8 /* HTTPRequestProvider.swift in Sources */ = {isa = PBXBuildFile; fileRef = 8D0988ED27172FFD008999C8 /* HTTPRequestProvider.swift */; };
		8D09890027175D54008999C8 /* Assets.swift in Sources */ = {isa = PBXBuildFile; fileRef = 8D0988FF27175D54008999C8 /* Assets.swift */; };
		8D09890527175DEE008999C8 /* ViewController.swift in Sources */ = {isa = PBXBuildFile; fileRef = 8D09890227175DEE008999C8 /* ViewController.swift */; };
		8D09890627175DEE008999C8 /* View.swift in Sources */ = {isa = PBXBuildFile; fileRef = 8D09890327175DEE008999C8 /* View.swift */; };
		8D09890727175DEE008999C8 /* ViewModel.swift in Sources */ = {isa = PBXBuildFile; fileRef = 8D09890427175DEE008999C8 /* ViewModel.swift */; };
		8D09890927175E32008999C8 /* Constants.swift in Sources */ = {isa = PBXBuildFile; fileRef = 8D09890827175E32008999C8 /* Constants.swift */; };
		8D35EAE3272A4D4600B3E872 /* PaymentMethod.swift in Sources */ = {isa = PBXBuildFile; fileRef = 8D35EAE0272A4D4600B3E872 /* PaymentMethod.swift */; };
		8D35EAE4272A4D4600B3E872 /* PaymentResponse.swift in Sources */ = {isa = PBXBuildFile; fileRef = 8D35EAE1272A4D4600B3E872 /* PaymentResponse.swift */; };
		8D35EAE5272A4D4600B3E872 /* Card.swift in Sources */ = {isa = PBXBuildFile; fileRef = 8D35EAE2272A4D4600B3E872 /* Card.swift */; };
		8D35EAEC272A4D5300B3E872 /* UIImageViewExtension.swift in Sources */ = {isa = PBXBuildFile; fileRef = 8D35EAE6272A4D5300B3E872 /* UIImageViewExtension.swift */; };
		8D35EAED272A4D5300B3E872 /* UITextFieldExtension.swift in Sources */ = {isa = PBXBuildFile; fileRef = 8D35EAE7272A4D5300B3E872 /* UITextFieldExtension.swift */; };
		8D35EAEE272A4D5300B3E872 /* CodableUtils.swift in Sources */ = {isa = PBXBuildFile; fileRef = 8D35EAE8272A4D5300B3E872 /* CodableUtils.swift */; };
		8D35EAEF272A4D5300B3E872 /* UIColorExtension.swift in Sources */ = {isa = PBXBuildFile; fileRef = 8D35EAE9272A4D5300B3E872 /* UIColorExtension.swift */; };
		8D35EAF0272A4D5300B3E872 /* CardUtils.swift in Sources */ = {isa = PBXBuildFile; fileRef = 8D35EAEA272A4D5300B3E872 /* CardUtils.swift */; };
		8D35EAF1272A4D5300B3E872 /* StringExtension.swift in Sources */ = {isa = PBXBuildFile; fileRef = 8D35EAEB272A4D5300B3E872 /* StringExtension.swift */; };
		8D35EAF3272A4D6600B3E872 /* AuthManager.swift in Sources */ = {isa = PBXBuildFile; fileRef = 8D35EAF2272A4D6600B3E872 /* AuthManager.swift */; };
		8D3AD95B2722C09300EE5E3D /* GeneralVM.swift in Sources */ = {isa = PBXBuildFile; fileRef = 8D3AD9542722C09300EE5E3D /* GeneralVM.swift */; };
		8D3AD95C2722C09300EE5E3D /* GeneralVC.swift in Sources */ = {isa = PBXBuildFile; fileRef = 8D3AD9562722C09300EE5E3D /* GeneralVC.swift */; };
		8D3AD95D2722C09300EE5E3D /* QRCodeProvidersView.swift in Sources */ = {isa = PBXBuildFile; fileRef = 8D3AD9582722C09300EE5E3D /* QRCodeProvidersView.swift */; };
		8D3AD95E2722C09300EE5E3D /* SelectPaymentHeaderView.swift in Sources */ = {isa = PBXBuildFile; fileRef = 8D3AD9592722C09300EE5E3D /* SelectPaymentHeaderView.swift */; };
		8D3AD95F2722C09300EE5E3D /* EnterCardView.swift in Sources */ = {isa = PBXBuildFile; fileRef = 8D3AD95A2722C09300EE5E3D /* EnterCardView.swift */; };
		8D3AD9622722C0DC00EE5E3D /* QRCodeVC.swift in Sources */ = {isa = PBXBuildFile; fileRef = 8D3AD9612722C0DC00EE5E3D /* QRCodeVC.swift */; };
		8DB59CF12715E090007D5D9E /* ApiProvider.swift in Sources */ = {isa = PBXBuildFile; fileRef = 8DB59CF02715E090007D5D9E /* ApiProvider.swift */; };
/* End PBXBuildFile section */

/* Begin PBXContainerItemProxy section */
		607FACE61AFB9204008FA782 /* PBXContainerItemProxy */ = {
			isa = PBXContainerItemProxy;
			containerPortal = 607FACC81AFB9204008FA782 /* Project object */;
			proxyType = 1;
			remoteGlobalIDString = 607FACCF1AFB9204008FA782;
			remoteInfo = "Libralize-iOS";
		};
/* End PBXContainerItemProxy section */

/* Begin PBXFileReference section */
		15E56B1D15D4968C9D556E95 /* Pods-Libralize-iOS_Example.debug.xcconfig */ = {isa = PBXFileReference; includeInIndex = 1; lastKnownFileType = text.xcconfig; name = "Pods-Libralize-iOS_Example.debug.xcconfig"; path = "Target Support Files/Pods-Libralize-iOS_Example/Pods-Libralize-iOS_Example.debug.xcconfig"; sourceTree = "<group>"; };
		34E3CEAAC92FBC8BF0AD1928 /* Pods-Liberalize-iOS_Tests.debug.xcconfig */ = {isa = PBXFileReference; includeInIndex = 1; lastKnownFileType = text.xcconfig; name = "Pods-Liberalize-iOS_Tests.debug.xcconfig"; path = "Target Support Files/Pods-Liberalize-iOS_Tests/Pods-Liberalize-iOS_Tests.debug.xcconfig"; sourceTree = "<group>"; };
		3976C9CBBEC0FDC44F8D283B /* Pods-Libralize-iOS_Example.release.xcconfig */ = {isa = PBXFileReference; includeInIndex = 1; lastKnownFileType = text.xcconfig; name = "Pods-Libralize-iOS_Example.release.xcconfig"; path = "Target Support Files/Pods-Libralize-iOS_Example/Pods-Libralize-iOS_Example.release.xcconfig"; sourceTree = "<group>"; };
		51C3811B8867FB44BD443138 /* Pods-Liberalize-iOS_Example.release.xcconfig */ = {isa = PBXFileReference; includeInIndex = 1; lastKnownFileType = text.xcconfig; name = "Pods-Liberalize-iOS_Example.release.xcconfig"; path = "Target Support Files/Pods-Liberalize-iOS_Example/Pods-Liberalize-iOS_Example.release.xcconfig"; sourceTree = "<group>"; };
		52A06D1B98C699C75D3702B1 /* LICENSE */ = {isa = PBXFileReference; includeInIndex = 1; lastKnownFileType = text; name = LICENSE; path = ../LICENSE; sourceTree = "<group>"; };
		607FACD01AFB9204008FA782 /* Liberalize-iOS_Example.app */ = {isa = PBXFileReference; explicitFileType = wrapper.application; includeInIndex = 0; path = "Liberalize-iOS_Example.app"; sourceTree = BUILT_PRODUCTS_DIR; };
		607FACD41AFB9204008FA782 /* Info.plist */ = {isa = PBXFileReference; lastKnownFileType = text.plist.xml; path = Info.plist; sourceTree = "<group>"; };
		607FACD51AFB9204008FA782 /* AppDelegate.swift */ = {isa = PBXFileReference; lastKnownFileType = sourcecode.swift; path = AppDelegate.swift; sourceTree = "<group>"; };
		607FACD71AFB9204008FA782 /* MainViewController.swift */ = {isa = PBXFileReference; lastKnownFileType = sourcecode.swift; path = MainViewController.swift; sourceTree = "<group>"; };
		607FACDA1AFB9204008FA782 /* Base */ = {isa = PBXFileReference; lastKnownFileType = file.storyboard; name = Base; path = Base.lproj/Main.storyboard; sourceTree = "<group>"; };
		607FACDC1AFB9204008FA782 /* Images.xcassets */ = {isa = PBXFileReference; lastKnownFileType = folder.assetcatalog; path = Images.xcassets; sourceTree = "<group>"; };
		607FACDF1AFB9204008FA782 /* Base */ = {isa = PBXFileReference; lastKnownFileType = file.xib; name = Base; path = Base.lproj/LaunchScreen.xib; sourceTree = "<group>"; };
		607FACE51AFB9204008FA782 /* Liberalize-iOS_Tests.xctest */ = {isa = PBXFileReference; explicitFileType = wrapper.cfbundle; includeInIndex = 0; path = "Liberalize-iOS_Tests.xctest"; sourceTree = BUILT_PRODUCTS_DIR; };
		607FACEA1AFB9204008FA782 /* Info.plist */ = {isa = PBXFileReference; lastKnownFileType = text.plist.xml; path = Info.plist; sourceTree = "<group>"; };
		607FACEB1AFB9204008FA782 /* Tests.swift */ = {isa = PBXFileReference; lastKnownFileType = sourcecode.swift; path = Tests.swift; sourceTree = "<group>"; };
		65A99628CDE9D8E396D524C3 /* README.md */ = {isa = PBXFileReference; includeInIndex = 1; lastKnownFileType = net.daringfireball.markdown; name = README.md; path = ../README.md; sourceTree = "<group>"; };
		6C2ED7AB26AA15E2DF351DEB /* Pods-Liberalize-iOS_Tests.release.xcconfig */ = {isa = PBXFileReference; includeInIndex = 1; lastKnownFileType = text.xcconfig; name = "Pods-Liberalize-iOS_Tests.release.xcconfig"; path = "Target Support Files/Pods-Liberalize-iOS_Tests/Pods-Liberalize-iOS_Tests.release.xcconfig"; sourceTree = "<group>"; };
		8C74A486F0C31067BC9670CF /* Pods_Liberalize_iOS_Example.framework */ = {isa = PBXFileReference; explicitFileType = wrapper.framework; includeInIndex = 0; path = Pods_Liberalize_iOS_Example.framework; sourceTree = BUILT_PRODUCTS_DIR; };
		8D0988ED27172FFD008999C8 /* HTTPRequestProvider.swift */ = {isa = PBXFileReference; fileEncoding = 4; lastKnownFileType = sourcecode.swift; path = HTTPRequestProvider.swift; sourceTree = "<group>"; };
		8D0988FF27175D54008999C8 /* Assets.swift */ = {isa = PBXFileReference; fileEncoding = 4; lastKnownFileType = sourcecode.swift; path = Assets.swift; sourceTree = "<group>"; };
		8D09890227175DEE008999C8 /* ViewController.swift */ = {isa = PBXFileReference; fileEncoding = 4; lastKnownFileType = sourcecode.swift; path = ViewController.swift; sourceTree = "<group>"; };
		8D09890327175DEE008999C8 /* View.swift */ = {isa = PBXFileReference; fileEncoding = 4; lastKnownFileType = sourcecode.swift; path = View.swift; sourceTree = "<group>"; };
		8D09890427175DEE008999C8 /* ViewModel.swift */ = {isa = PBXFileReference; fileEncoding = 4; lastKnownFileType = sourcecode.swift; path = ViewModel.swift; sourceTree = "<group>"; };
		8D09890827175E32008999C8 /* Constants.swift */ = {isa = PBXFileReference; lastKnownFileType = sourcecode.swift; path = Constants.swift; sourceTree = "<group>"; };
		8D35EAE0272A4D4600B3E872 /* PaymentMethod.swift */ = {isa = PBXFileReference; fileEncoding = 4; lastKnownFileType = sourcecode.swift; path = PaymentMethod.swift; sourceTree = "<group>"; };
		8D35EAE1272A4D4600B3E872 /* PaymentResponse.swift */ = {isa = PBXFileReference; fileEncoding = 4; lastKnownFileType = sourcecode.swift; path = PaymentResponse.swift; sourceTree = "<group>"; };
		8D35EAE2272A4D4600B3E872 /* Card.swift */ = {isa = PBXFileReference; fileEncoding = 4; lastKnownFileType = sourcecode.swift; path = Card.swift; sourceTree = "<group>"; };
		8D35EAE6272A4D5300B3E872 /* UIImageViewExtension.swift */ = {isa = PBXFileReference; fileEncoding = 4; lastKnownFileType = sourcecode.swift; path = UIImageViewExtension.swift; sourceTree = "<group>"; };
		8D35EAE7272A4D5300B3E872 /* UITextFieldExtension.swift */ = {isa = PBXFileReference; fileEncoding = 4; lastKnownFileType = sourcecode.swift; path = UITextFieldExtension.swift; sourceTree = "<group>"; };
		8D35EAE8272A4D5300B3E872 /* CodableUtils.swift */ = {isa = PBXFileReference; fileEncoding = 4; lastKnownFileType = sourcecode.swift; path = CodableUtils.swift; sourceTree = "<group>"; };
		8D35EAE9272A4D5300B3E872 /* UIColorExtension.swift */ = {isa = PBXFileReference; fileEncoding = 4; lastKnownFileType = sourcecode.swift; path = UIColorExtension.swift; sourceTree = "<group>"; };
		8D35EAEA272A4D5300B3E872 /* CardUtils.swift */ = {isa = PBXFileReference; fileEncoding = 4; lastKnownFileType = sourcecode.swift; path = CardUtils.swift; sourceTree = "<group>"; };
		8D35EAEB272A4D5300B3E872 /* StringExtension.swift */ = {isa = PBXFileReference; fileEncoding = 4; lastKnownFileType = sourcecode.swift; path = StringExtension.swift; sourceTree = "<group>"; };
		8D35EAF2272A4D6600B3E872 /* AuthManager.swift */ = {isa = PBXFileReference; fileEncoding = 4; lastKnownFileType = sourcecode.swift; path = AuthManager.swift; sourceTree = "<group>"; };
		8D3AD9542722C09300EE5E3D /* GeneralVM.swift */ = {isa = PBXFileReference; fileEncoding = 4; lastKnownFileType = sourcecode.swift; path = GeneralVM.swift; sourceTree = "<group>"; };
		8D3AD9562722C09300EE5E3D /* GeneralVC.swift */ = {isa = PBXFileReference; fileEncoding = 4; lastKnownFileType = sourcecode.swift; path = GeneralVC.swift; sourceTree = "<group>"; };
		8D3AD9582722C09300EE5E3D /* QRCodeProvidersView.swift */ = {isa = PBXFileReference; fileEncoding = 4; lastKnownFileType = sourcecode.swift; path = QRCodeProvidersView.swift; sourceTree = "<group>"; };
		8D3AD9592722C09300EE5E3D /* SelectPaymentHeaderView.swift */ = {isa = PBXFileReference; fileEncoding = 4; lastKnownFileType = sourcecode.swift; path = SelectPaymentHeaderView.swift; sourceTree = "<group>"; };
		8D3AD95A2722C09300EE5E3D /* EnterCardView.swift */ = {isa = PBXFileReference; fileEncoding = 4; lastKnownFileType = sourcecode.swift; path = EnterCardView.swift; sourceTree = "<group>"; };
		8D3AD9612722C0DC00EE5E3D /* QRCodeVC.swift */ = {isa = PBXFileReference; lastKnownFileType = sourcecode.swift; path = QRCodeVC.swift; sourceTree = "<group>"; };
		8D98FC00272B941A00256D5A /* Liberalize-iOS.podspec */ = {isa = PBXFileReference; lastKnownFileType = text; name = "Liberalize-iOS.podspec"; path = "../Liberalize-iOS.podspec"; sourceTree = "<group>"; };
		8DB59CF02715E090007D5D9E /* ApiProvider.swift */ = {isa = PBXFileReference; lastKnownFileType = sourcecode.swift; path = ApiProvider.swift; sourceTree = "<group>"; };
		8DB8F443A55DB58B3E3FB7D8 /* Pods_Liberalize_iOS_Tests.framework */ = {isa = PBXFileReference; explicitFileType = wrapper.framework; includeInIndex = 0; path = Pods_Liberalize_iOS_Tests.framework; sourceTree = BUILT_PRODUCTS_DIR; };
		8EF8D2B0EC960AC7F2771204 /* Pods-Liberalize-iOS_Example.debug.xcconfig */ = {isa = PBXFileReference; includeInIndex = 1; lastKnownFileType = text.xcconfig; name = "Pods-Liberalize-iOS_Example.debug.xcconfig"; path = "Target Support Files/Pods-Liberalize-iOS_Example/Pods-Liberalize-iOS_Example.debug.xcconfig"; sourceTree = "<group>"; };
		D8EB24DA9AAFE48AB01B3D80 /* Pods-Libralize-iOS_Tests.release.xcconfig */ = {isa = PBXFileReference; includeInIndex = 1; lastKnownFileType = text.xcconfig; name = "Pods-Libralize-iOS_Tests.release.xcconfig"; path = "Target Support Files/Pods-Libralize-iOS_Tests/Pods-Libralize-iOS_Tests.release.xcconfig"; sourceTree = "<group>"; };
		F8B3DDBE96FD03E90ED38AE9 /* Pods-Libralize-iOS_Tests.debug.xcconfig */ = {isa = PBXFileReference; includeInIndex = 1; lastKnownFileType = text.xcconfig; name = "Pods-Libralize-iOS_Tests.debug.xcconfig"; path = "Target Support Files/Pods-Libralize-iOS_Tests/Pods-Libralize-iOS_Tests.debug.xcconfig"; sourceTree = "<group>"; };
/* End PBXFileReference section */

/* Begin PBXFrameworksBuildPhase section */
		607FACCD1AFB9204008FA782 /* Frameworks */ = {
			isa = PBXFrameworksBuildPhase;
			buildActionMask = 2147483647;
			files = (
				4480F6FACE125E45F46EA6F8 /* Pods_Liberalize_iOS_Example.framework in Frameworks */,
			);
			runOnlyForDeploymentPostprocessing = 0;
		};
		607FACE21AFB9204008FA782 /* Frameworks */ = {
			isa = PBXFrameworksBuildPhase;
			buildActionMask = 2147483647;
			files = (
				5927D1020825157701EE9DFB /* Pods_Liberalize_iOS_Tests.framework in Frameworks */,
			);
			runOnlyForDeploymentPostprocessing = 0;
		};
/* End PBXFrameworksBuildPhase section */

/* Begin PBXGroup section */
		02D5E703B9C8F99DBC40CE2F /* Frameworks */ = {
			isa = PBXGroup;
			children = (
				8C74A486F0C31067BC9670CF /* Pods_Liberalize_iOS_Example.framework */,
				8DB8F443A55DB58B3E3FB7D8 /* Pods_Liberalize_iOS_Tests.framework */,
			);
			name = Frameworks;
			sourceTree = "<group>";
		};
		0B0F3AC7CC46854FB0B70E63 /* Pods */ = {
			isa = PBXGroup;
			children = (
				15E56B1D15D4968C9D556E95 /* Pods-Libralize-iOS_Example.debug.xcconfig */,
				3976C9CBBEC0FDC44F8D283B /* Pods-Libralize-iOS_Example.release.xcconfig */,
				F8B3DDBE96FD03E90ED38AE9 /* Pods-Libralize-iOS_Tests.debug.xcconfig */,
				D8EB24DA9AAFE48AB01B3D80 /* Pods-Libralize-iOS_Tests.release.xcconfig */,
				8EF8D2B0EC960AC7F2771204 /* Pods-Liberalize-iOS_Example.debug.xcconfig */,
				51C3811B8867FB44BD443138 /* Pods-Liberalize-iOS_Example.release.xcconfig */,
				34E3CEAAC92FBC8BF0AD1928 /* Pods-Liberalize-iOS_Tests.debug.xcconfig */,
				6C2ED7AB26AA15E2DF351DEB /* Pods-Liberalize-iOS_Tests.release.xcconfig */,
			);
			path = Pods;
			sourceTree = "<group>";
		};
		607FACC71AFB9204008FA782 = {
			isa = PBXGroup;
			children = (
				607FACF51AFB993E008FA782 /* Podspec Metadata */,
				607FACD21AFB9204008FA782 /* Example for Libralize-iOS */,
				607FACE81AFB9204008FA782 /* Tests */,
				607FACD11AFB9204008FA782 /* Products */,
				0B0F3AC7CC46854FB0B70E63 /* Pods */,
				02D5E703B9C8F99DBC40CE2F /* Frameworks */,
			);
			sourceTree = "<group>";
		};
		607FACD11AFB9204008FA782 /* Products */ = {
			isa = PBXGroup;
			children = (
				607FACD01AFB9204008FA782 /* Liberalize-iOS_Example.app */,
				607FACE51AFB9204008FA782 /* Liberalize-iOS_Tests.xctest */,
			);
			name = Products;
			sourceTree = "<group>";
		};
		607FACD21AFB9204008FA782 /* Example for Libralize-iOS */ = {
			isa = PBXGroup;
			children = (
				8D35EADF272A4CAE00B3E872 /* Manager */,
				8D35EADE272A4CA500B3E872 /* Models */,
				8D35EADD272A4C9B00B3E872 /* Utils */,
				8D09890127175DEE008999C8 /* Common */,
				8D0988FE27175D3E008999C8 /* Constants */,
				8DB59D142715FF9C007D5D9E /* UI */,
				8DB59CEF2715E04D007D5D9E /* API */,
				607FACD51AFB9204008FA782 /* AppDelegate.swift */,
				607FACD71AFB9204008FA782 /* MainViewController.swift */,
				607FACD91AFB9204008FA782 /* Main.storyboard */,
				607FACDC1AFB9204008FA782 /* Images.xcassets */,
				607FACDE1AFB9204008FA782 /* LaunchScreen.xib */,
				607FACD31AFB9204008FA782 /* Supporting Files */,
			);
			name = "Example for Libralize-iOS";
			path = "Libralize-iOS";
			sourceTree = "<group>";
		};
		607FACD31AFB9204008FA782 /* Supporting Files */ = {
			isa = PBXGroup;
			children = (
				607FACD41AFB9204008FA782 /* Info.plist */,
			);
			name = "Supporting Files";
			sourceTree = "<group>";
		};
		607FACE81AFB9204008FA782 /* Tests */ = {
			isa = PBXGroup;
			children = (
				607FACEB1AFB9204008FA782 /* Tests.swift */,
				607FACE91AFB9204008FA782 /* Supporting Files */,
			);
			path = Tests;
			sourceTree = "<group>";
		};
		607FACE91AFB9204008FA782 /* Supporting Files */ = {
			isa = PBXGroup;
			children = (
				607FACEA1AFB9204008FA782 /* Info.plist */,
			);
			name = "Supporting Files";
			sourceTree = "<group>";
		};
		607FACF51AFB993E008FA782 /* Podspec Metadata */ = {
			isa = PBXGroup;
			children = (
				8D98FC00272B941A00256D5A /* Liberalize-iOS.podspec */,
				65A99628CDE9D8E396D524C3 /* README.md */,
				52A06D1B98C699C75D3702B1 /* LICENSE */,
			);
			name = "Podspec Metadata";
			sourceTree = "<group>";
		};
		8D0988FE27175D3E008999C8 /* Constants */ = {
			isa = PBXGroup;
			children = (
				8D0988FF27175D54008999C8 /* Assets.swift */,
				8D09890827175E32008999C8 /* Constants.swift */,
			);
			path = Constants;
			sourceTree = "<group>";
		};
		8D09890127175DEE008999C8 /* Common */ = {
			isa = PBXGroup;
			children = (
				8D09890227175DEE008999C8 /* ViewController.swift */,
				8D09890327175DEE008999C8 /* View.swift */,
				8D09890427175DEE008999C8 /* ViewModel.swift */,
			);
			path = Common;
			sourceTree = "<group>";
		};
		8D35EADD272A4C9B00B3E872 /* Utils */ = {
			isa = PBXGroup;
			children = (
				8D35EAEA272A4D5300B3E872 /* CardUtils.swift */,
				8D35EAE8272A4D5300B3E872 /* CodableUtils.swift */,
				8D35EAEB272A4D5300B3E872 /* StringExtension.swift */,
				8D35EAE9272A4D5300B3E872 /* UIColorExtension.swift */,
				8D35EAE6272A4D5300B3E872 /* UIImageViewExtension.swift */,
				8D35EAE7272A4D5300B3E872 /* UITextFieldExtension.swift */,
			);
			path = Utils;
			sourceTree = "<group>";
		};
		8D35EADE272A4CA500B3E872 /* Models */ = {
			isa = PBXGroup;
			children = (
				8D35EAE2272A4D4600B3E872 /* Card.swift */,
				8D35EAE0272A4D4600B3E872 /* PaymentMethod.swift */,
				8D35EAE1272A4D4600B3E872 /* PaymentResponse.swift */,
			);
			path = Models;
			sourceTree = "<group>";
		};
		8D35EADF272A4CAE00B3E872 /* Manager */ = {
			isa = PBXGroup;
			children = (
				8D35EAF2272A4D6600B3E872 /* AuthManager.swift */,
			);
			path = Manager;
			sourceTree = "<group>";
		};
		8D3AD9522722C09300EE5E3D /* General */ = {
			isa = PBXGroup;
			children = (
				8D3AD9532722C09300EE5E3D /* ViewModels */,
				8D3AD9552722C09300EE5E3D /* VCs */,
				8D3AD9572722C09300EE5E3D /* Views */,
			);
			path = General;
			sourceTree = "<group>";
		};
		8D3AD9532722C09300EE5E3D /* ViewModels */ = {
			isa = PBXGroup;
			children = (
				8D3AD9542722C09300EE5E3D /* GeneralVM.swift */,
			);
			path = ViewModels;
			sourceTree = "<group>";
		};
		8D3AD9552722C09300EE5E3D /* VCs */ = {
			isa = PBXGroup;
			children = (
				8D3AD9562722C09300EE5E3D /* GeneralVC.swift */,
			);
			path = VCs;
			sourceTree = "<group>";
		};
		8D3AD9572722C09300EE5E3D /* Views */ = {
			isa = PBXGroup;
			children = (
				8D3AD9582722C09300EE5E3D /* QRCodeProvidersView.swift */,
				8D3AD9592722C09300EE5E3D /* SelectPaymentHeaderView.swift */,
				8D3AD95A2722C09300EE5E3D /* EnterCardView.swift */,
			);
			path = Views;
			sourceTree = "<group>";
		};
		8D3AD9602722C0CC00EE5E3D /* QRCode */ = {
			isa = PBXGroup;
			children = (
				8D3AD9612722C0DC00EE5E3D /* QRCodeVC.swift */,
			);
			path = QRCode;
			sourceTree = "<group>";
		};
		8DB59CEF2715E04D007D5D9E /* API */ = {
			isa = PBXGroup;
			children = (
				8D0988ED27172FFD008999C8 /* HTTPRequestProvider.swift */,
				8DB59CF02715E090007D5D9E /* ApiProvider.swift */,
			);
			name = API;
			sourceTree = "<group>";
		};
		8DB59D142715FF9C007D5D9E /* UI */ = {
			isa = PBXGroup;
			children = (
				8D3AD9602722C0CC00EE5E3D /* QRCode */,
				8D3AD9522722C09300EE5E3D /* General */,
			);
			path = UI;
			sourceTree = "<group>";
		};
/* End PBXGroup section */

/* Begin PBXNativeTarget section */
		607FACCF1AFB9204008FA782 /* Liberalize-iOS_Example */ = {
			isa = PBXNativeTarget;
			buildConfigurationList = 607FACEF1AFB9204008FA782 /* Build configuration list for PBXNativeTarget "Liberalize-iOS_Example" */;
			buildPhases = (
				811C149E3A0DDE096F4CE722 /* [CP] Check Pods Manifest.lock */,
				607FACCC1AFB9204008FA782 /* Sources */,
				607FACCD1AFB9204008FA782 /* Frameworks */,
				607FACCE1AFB9204008FA782 /* Resources */,
				68659B2843D87D2DAD3668E2 /* [CP] Embed Pods Frameworks */,
			);
			buildRules = (
			);
			dependencies = (
			);
			name = "Liberalize-iOS_Example";
			productName = "Libralize-iOS";
			productReference = 607FACD01AFB9204008FA782 /* Liberalize-iOS_Example.app */;
			productType = "com.apple.product-type.application";
		};
		607FACE41AFB9204008FA782 /* Liberalize-iOS_Tests */ = {
			isa = PBXNativeTarget;
			buildConfigurationList = 607FACF21AFB9204008FA782 /* Build configuration list for PBXNativeTarget "Liberalize-iOS_Tests" */;
			buildPhases = (
				C21763C4E6107BECD141B538 /* [CP] Check Pods Manifest.lock */,
				607FACE11AFB9204008FA782 /* Sources */,
				607FACE21AFB9204008FA782 /* Frameworks */,
				607FACE31AFB9204008FA782 /* Resources */,
			);
			buildRules = (
			);
			dependencies = (
				607FACE71AFB9204008FA782 /* PBXTargetDependency */,
			);
			name = "Liberalize-iOS_Tests";
			productName = Tests;
			productReference = 607FACE51AFB9204008FA782 /* Liberalize-iOS_Tests.xctest */;
			productType = "com.apple.product-type.bundle.unit-test";
		};
/* End PBXNativeTarget section */

/* Begin PBXProject section */
		607FACC81AFB9204008FA782 /* Project object */ = {
			isa = PBXProject;
			attributes = {
				LastSwiftUpdateCheck = 0830;
				LastUpgradeCheck = 0830;
				ORGANIZATIONNAME = CocoaPods;
				TargetAttributes = {
					607FACCF1AFB9204008FA782 = {
						CreatedOnToolsVersion = 6.3.1;
						DevelopmentTeam = 34UH8L35TS;
						LastSwiftMigration = 1300;
					};
					607FACE41AFB9204008FA782 = {
						CreatedOnToolsVersion = 6.3.1;
						DevelopmentTeam = 34UH8L35TS;
						LastSwiftMigration = 1300;
						TestTargetID = 607FACCF1AFB9204008FA782;
					};
				};
			};
			buildConfigurationList = 607FACCB1AFB9204008FA782 /* Build configuration list for PBXProject "Liberalize-iOS" */;
			compatibilityVersion = "Xcode 3.2";
			developmentRegion = English;
			hasScannedForEncodings = 0;
			knownRegions = (
				English,
				en,
				Base,
			);
			mainGroup = 607FACC71AFB9204008FA782;
			productRefGroup = 607FACD11AFB9204008FA782 /* Products */;
			projectDirPath = "";
			projectRoot = "";
			targets = (
				607FACCF1AFB9204008FA782 /* Liberalize-iOS_Example */,
				607FACE41AFB9204008FA782 /* Liberalize-iOS_Tests */,
			);
		};
/* End PBXProject section */

/* Begin PBXResourcesBuildPhase section */
		607FACCE1AFB9204008FA782 /* Resources */ = {
			isa = PBXResourcesBuildPhase;
			buildActionMask = 2147483647;
			files = (
				607FACDB1AFB9204008FA782 /* Main.storyboard in Resources */,
				607FACE01AFB9204008FA782 /* LaunchScreen.xib in Resources */,
				607FACDD1AFB9204008FA782 /* Images.xcassets in Resources */,
			);
			runOnlyForDeploymentPostprocessing = 0;
		};
		607FACE31AFB9204008FA782 /* Resources */ = {
			isa = PBXResourcesBuildPhase;
			buildActionMask = 2147483647;
			files = (
			);
			runOnlyForDeploymentPostprocessing = 0;
		};
/* End PBXResourcesBuildPhase section */

/* Begin PBXShellScriptBuildPhase section */
		68659B2843D87D2DAD3668E2 /* [CP] Embed Pods Frameworks */ = {
			isa = PBXShellScriptBuildPhase;
			buildActionMask = 2147483647;
			files = (
			);
			inputPaths = (
				"${PODS_ROOT}/Target Support Files/Pods-Liberalize-iOS_Example/Pods-Liberalize-iOS_Example-frameworks.sh",
				"${BUILT_PRODUCTS_DIR}/Liberalize-Frontend-iOS-SDK/Liberalize_Frontend_iOS_SDK.framework",
			);
			name = "[CP] Embed Pods Frameworks";
			outputPaths = (
				"${TARGET_BUILD_DIR}/${FRAMEWORKS_FOLDER_PATH}/Liberalize_Frontend_iOS_SDK.framework",
			);
			runOnlyForDeploymentPostprocessing = 0;
			shellPath = /bin/sh;
			shellScript = "\"${PODS_ROOT}/Target Support Files/Pods-Liberalize-iOS_Example/Pods-Liberalize-iOS_Example-frameworks.sh\"\n";
			showEnvVarsInLog = 0;
		};
		811C149E3A0DDE096F4CE722 /* [CP] Check Pods Manifest.lock */ = {
			isa = PBXShellScriptBuildPhase;
			buildActionMask = 2147483647;
			files = (
			);
			inputFileListPaths = (
			);
			inputPaths = (
				"${PODS_PODFILE_DIR_PATH}/Podfile.lock",
				"${PODS_ROOT}/Manifest.lock",
			);
			name = "[CP] Check Pods Manifest.lock";
			outputFileListPaths = (
			);
			outputPaths = (
				"$(DERIVED_FILE_DIR)/Pods-Liberalize-iOS_Example-checkManifestLockResult.txt",
			);
			runOnlyForDeploymentPostprocessing = 0;
			shellPath = /bin/sh;
			shellScript = "diff \"${PODS_PODFILE_DIR_PATH}/Podfile.lock\" \"${PODS_ROOT}/Manifest.lock\" > /dev/null\nif [ $? != 0 ] ; then\n    # print error to STDERR\n    echo \"error: The sandbox is not in sync with the Podfile.lock. Run 'pod install' or update your CocoaPods installation.\" >&2\n    exit 1\nfi\n# This output is used by Xcode 'outputs' to avoid re-running this script phase.\necho \"SUCCESS\" > \"${SCRIPT_OUTPUT_FILE_0}\"\n";
			showEnvVarsInLog = 0;
		};
		C21763C4E6107BECD141B538 /* [CP] Check Pods Manifest.lock */ = {
			isa = PBXShellScriptBuildPhase;
			buildActionMask = 2147483647;
			files = (
			);
			inputFileListPaths = (
			);
			inputPaths = (
				"${PODS_PODFILE_DIR_PATH}/Podfile.lock",
				"${PODS_ROOT}/Manifest.lock",
			);
			name = "[CP] Check Pods Manifest.lock";
			outputFileListPaths = (
			);
			outputPaths = (
				"$(DERIVED_FILE_DIR)/Pods-Liberalize-iOS_Tests-checkManifestLockResult.txt",
			);
			runOnlyForDeploymentPostprocessing = 0;
			shellPath = /bin/sh;
			shellScript = "diff \"${PODS_PODFILE_DIR_PATH}/Podfile.lock\" \"${PODS_ROOT}/Manifest.lock\" > /dev/null\nif [ $? != 0 ] ; then\n    # print error to STDERR\n    echo \"error: The sandbox is not in sync with the Podfile.lock. Run 'pod install' or update your CocoaPods installation.\" >&2\n    exit 1\nfi\n# This output is used by Xcode 'outputs' to avoid re-running this script phase.\necho \"SUCCESS\" > \"${SCRIPT_OUTPUT_FILE_0}\"\n";
			showEnvVarsInLog = 0;
		};
/* End PBXShellScriptBuildPhase section */

/* Begin PBXSourcesBuildPhase section */
		607FACCC1AFB9204008FA782 /* Sources */ = {
			isa = PBXSourcesBuildPhase;
			buildActionMask = 2147483647;
			files = (
				8D0988EE27172FFD008999C8 /* HTTPRequestProvider.swift in Sources */,
				8D35EAE5272A4D4600B3E872 /* Card.swift in Sources */,
				8D35EAE4272A4D4600B3E872 /* PaymentResponse.swift in Sources */,
				8D35EAEC272A4D5300B3E872 /* UIImageViewExtension.swift in Sources */,
				8D09890927175E32008999C8 /* Constants.swift in Sources */,
				8D35EAED272A4D5300B3E872 /* UITextFieldExtension.swift in Sources */,
				8D35EAEE272A4D5300B3E872 /* CodableUtils.swift in Sources */,
				8D09890527175DEE008999C8 /* ViewController.swift in Sources */,
				8D3AD95D2722C09300EE5E3D /* QRCodeProvidersView.swift in Sources */,
				8DB59CF12715E090007D5D9E /* ApiProvider.swift in Sources */,
				8D35EAF0272A4D5300B3E872 /* CardUtils.swift in Sources */,
				8D3AD9622722C0DC00EE5E3D /* QRCodeVC.swift in Sources */,
				8D09890027175D54008999C8 /* Assets.swift in Sources */,
				8D3AD95F2722C09300EE5E3D /* EnterCardView.swift in Sources */,
				8D09890627175DEE008999C8 /* View.swift in Sources */,
				8D09890727175DEE008999C8 /* ViewModel.swift in Sources */,
				8D3AD95C2722C09300EE5E3D /* GeneralVC.swift in Sources */,
				607FACD81AFB9204008FA782 /* MainViewController.swift in Sources */,
				607FACD61AFB9204008FA782 /* AppDelegate.swift in Sources */,
				8D35EAE3272A4D4600B3E872 /* PaymentMethod.swift in Sources */,
				8D35EAF1272A4D5300B3E872 /* StringExtension.swift in Sources */,
				8D35EAEF272A4D5300B3E872 /* UIColorExtension.swift in Sources */,
				8D3AD95B2722C09300EE5E3D /* GeneralVM.swift in Sources */,
				8D3AD95E2722C09300EE5E3D /* SelectPaymentHeaderView.swift in Sources */,
				8D35EAF3272A4D6600B3E872 /* AuthManager.swift in Sources */,
			);
			runOnlyForDeploymentPostprocessing = 0;
		};
		607FACE11AFB9204008FA782 /* Sources */ = {
			isa = PBXSourcesBuildPhase;
			buildActionMask = 2147483647;
			files = (
				607FACEC1AFB9204008FA782 /* Tests.swift in Sources */,
			);
			runOnlyForDeploymentPostprocessing = 0;
		};
/* End PBXSourcesBuildPhase section */

/* Begin PBXTargetDependency section */
		607FACE71AFB9204008FA782 /* PBXTargetDependency */ = {
			isa = PBXTargetDependency;
			target = 607FACCF1AFB9204008FA782 /* Liberalize-iOS_Example */;
			targetProxy = 607FACE61AFB9204008FA782 /* PBXContainerItemProxy */;
		};
/* End PBXTargetDependency section */

/* Begin PBXVariantGroup section */
		607FACD91AFB9204008FA782 /* Main.storyboard */ = {
			isa = PBXVariantGroup;
			children = (
				607FACDA1AFB9204008FA782 /* Base */,
			);
			name = Main.storyboard;
			sourceTree = "<group>";
		};
		607FACDE1AFB9204008FA782 /* LaunchScreen.xib */ = {
			isa = PBXVariantGroup;
			children = (
				607FACDF1AFB9204008FA782 /* Base */,
			);
			name = LaunchScreen.xib;
			sourceTree = "<group>";
		};
/* End PBXVariantGroup section */

/* Begin XCBuildConfiguration section */
		607FACED1AFB9204008FA782 /* Debug */ = {
			isa = XCBuildConfiguration;
			buildSettings = {
				ALWAYS_SEARCH_USER_PATHS = NO;
				CLANG_CXX_LANGUAGE_STANDARD = "gnu++0x";
				CLANG_CXX_LIBRARY = "libc++";
				CLANG_ENABLE_MODULES = YES;
				CLANG_ENABLE_OBJC_ARC = YES;
				CLANG_WARN_BLOCK_CAPTURE_AUTORELEASING = YES;
				CLANG_WARN_BOOL_CONVERSION = YES;
				CLANG_WARN_COMMA = YES;
				CLANG_WARN_CONSTANT_CONVERSION = YES;
				CLANG_WARN_DIRECT_OBJC_ISA_USAGE = YES_ERROR;
				CLANG_WARN_EMPTY_BODY = YES;
				CLANG_WARN_ENUM_CONVERSION = YES;
				CLANG_WARN_INFINITE_RECURSION = YES;
				CLANG_WARN_INT_CONVERSION = YES;
				CLANG_WARN_NON_LITERAL_NULL_CONVERSION = YES;
				CLANG_WARN_OBJC_LITERAL_CONVERSION = YES;
				CLANG_WARN_OBJC_ROOT_CLASS = YES_ERROR;
				CLANG_WARN_RANGE_LOOP_ANALYSIS = YES;
				CLANG_WARN_STRICT_PROTOTYPES = YES;
				CLANG_WARN_SUSPICIOUS_MOVE = YES;
				CLANG_WARN_UNREACHABLE_CODE = YES;
				CLANG_WARN__DUPLICATE_METHOD_MATCH = YES;
				"CODE_SIGN_IDENTITY[sdk=iphoneos*]" = "iPhone Developer";
				COPY_PHASE_STRIP = NO;
				DEBUG_INFORMATION_FORMAT = "dwarf-with-dsym";
				ENABLE_STRICT_OBJC_MSGSEND = YES;
				ENABLE_TESTABILITY = YES;
				GCC_C_LANGUAGE_STANDARD = gnu99;
				GCC_DYNAMIC_NO_PIC = NO;
				GCC_NO_COMMON_BLOCKS = YES;
				GCC_OPTIMIZATION_LEVEL = 0;
				GCC_PREPROCESSOR_DEFINITIONS = (
					"DEBUG=1",
					"$(inherited)",
				);
				GCC_SYMBOLS_PRIVATE_EXTERN = NO;
				GCC_WARN_64_TO_32_BIT_CONVERSION = YES;
				GCC_WARN_ABOUT_RETURN_TYPE = YES_ERROR;
				GCC_WARN_UNDECLARED_SELECTOR = YES;
				GCC_WARN_UNINITIALIZED_AUTOS = YES_AGGRESSIVE;
				GCC_WARN_UNUSED_FUNCTION = YES;
				GCC_WARN_UNUSED_VARIABLE = YES;
				IPHONEOS_DEPLOYMENT_TARGET = 12.0;
				MTL_ENABLE_DEBUG_INFO = YES;
				ONLY_ACTIVE_ARCH = YES;
				SDKROOT = iphoneos;
				SWIFT_OPTIMIZATION_LEVEL = "-Onone";
			};
			name = Debug;
		};
		607FACEE1AFB9204008FA782 /* Release */ = {
			isa = XCBuildConfiguration;
			buildSettings = {
				ALWAYS_SEARCH_USER_PATHS = NO;
				CLANG_CXX_LANGUAGE_STANDARD = "gnu++0x";
				CLANG_CXX_LIBRARY = "libc++";
				CLANG_ENABLE_MODULES = YES;
				CLANG_ENABLE_OBJC_ARC = YES;
				CLANG_WARN_BLOCK_CAPTURE_AUTORELEASING = YES;
				CLANG_WARN_BOOL_CONVERSION = YES;
				CLANG_WARN_COMMA = YES;
				CLANG_WARN_CONSTANT_CONVERSION = YES;
				CLANG_WARN_DIRECT_OBJC_ISA_USAGE = YES_ERROR;
				CLANG_WARN_EMPTY_BODY = YES;
				CLANG_WARN_ENUM_CONVERSION = YES;
				CLANG_WARN_INFINITE_RECURSION = YES;
				CLANG_WARN_INT_CONVERSION = YES;
				CLANG_WARN_NON_LITERAL_NULL_CONVERSION = YES;
				CLANG_WARN_OBJC_LITERAL_CONVERSION = YES;
				CLANG_WARN_OBJC_ROOT_CLASS = YES_ERROR;
				CLANG_WARN_RANGE_LOOP_ANALYSIS = YES;
				CLANG_WARN_STRICT_PROTOTYPES = YES;
				CLANG_WARN_SUSPICIOUS_MOVE = YES;
				CLANG_WARN_UNREACHABLE_CODE = YES;
				CLANG_WARN__DUPLICATE_METHOD_MATCH = YES;
				"CODE_SIGN_IDENTITY[sdk=iphoneos*]" = "iPhone Developer";
				COPY_PHASE_STRIP = NO;
				DEBUG_INFORMATION_FORMAT = "dwarf-with-dsym";
				ENABLE_NS_ASSERTIONS = NO;
				ENABLE_STRICT_OBJC_MSGSEND = YES;
				GCC_C_LANGUAGE_STANDARD = gnu99;
				GCC_NO_COMMON_BLOCKS = YES;
				GCC_WARN_64_TO_32_BIT_CONVERSION = YES;
				GCC_WARN_ABOUT_RETURN_TYPE = YES_ERROR;
				GCC_WARN_UNDECLARED_SELECTOR = YES;
				GCC_WARN_UNINITIALIZED_AUTOS = YES_AGGRESSIVE;
				GCC_WARN_UNUSED_FUNCTION = YES;
				GCC_WARN_UNUSED_VARIABLE = YES;
				IPHONEOS_DEPLOYMENT_TARGET = 12.0;
				MTL_ENABLE_DEBUG_INFO = NO;
				SDKROOT = iphoneos;
				SWIFT_OPTIMIZATION_LEVEL = "-Owholemodule";
				VALIDATE_PRODUCT = YES;
			};
			name = Release;
		};
		607FACF01AFB9204008FA782 /* Debug */ = {
			isa = XCBuildConfiguration;
			baseConfigurationReference = 8EF8D2B0EC960AC7F2771204 /* Pods-Liberalize-iOS_Example.debug.xcconfig */;
			buildSettings = {
				ASSETCATALOG_COMPILER_APPICON_NAME = AppIcon;
				DEVELOPMENT_TEAM = 34UH8L35TS;
				INFOPLIST_FILE = "Libralize-iOS/Info.plist";
				IPHONEOS_DEPLOYMENT_TARGET = 12.0;
				LD_RUNPATH_SEARCH_PATHS = "$(inherited) @executable_path/Frameworks";
				MODULE_NAME = ExampleApp;
				PRODUCT_BUNDLE_IDENTIFIER = "com.nexlab.liberalize-example";
				PRODUCT_NAME = "$(TARGET_NAME)";
				SWIFT_SWIFT3_OBJC_INFERENCE = Default;
				SWIFT_VERSION = 5.0;
			};
			name = Debug;
		};
		607FACF11AFB9204008FA782 /* Release */ = {
			isa = XCBuildConfiguration;
			baseConfigurationReference = 51C3811B8867FB44BD443138 /* Pods-Liberalize-iOS_Example.release.xcconfig */;
			buildSettings = {
				ASSETCATALOG_COMPILER_APPICON_NAME = AppIcon;
				DEVELOPMENT_TEAM = 34UH8L35TS;
				INFOPLIST_FILE = "Libralize-iOS/Info.plist";
				IPHONEOS_DEPLOYMENT_TARGET = 12.0;
				LD_RUNPATH_SEARCH_PATHS = "$(inherited) @executable_path/Frameworks";
				MODULE_NAME = ExampleApp;
				PRODUCT_BUNDLE_IDENTIFIER = "com.nexlab.liberalize-example";
				PRODUCT_NAME = "$(TARGET_NAME)";
				SWIFT_SWIFT3_OBJC_INFERENCE = Default;
				SWIFT_VERSION = 5.0;
			};
			name = Release;
		};
		607FACF31AFB9204008FA782 /* Debug */ = {
			isa = XCBuildConfiguration;
			baseConfigurationReference = 34E3CEAAC92FBC8BF0AD1928 /* Pods-Liberalize-iOS_Tests.debug.xcconfig */;
			buildSettings = {
				DEVELOPMENT_TEAM = 34UH8L35TS;
				FRAMEWORK_SEARCH_PATHS = (
					"$(PLATFORM_DIR)/Developer/Library/Frameworks",
					"$(inherited)",
				);
				GCC_PREPROCESSOR_DEFINITIONS = (
					"DEBUG=1",
					"$(inherited)",
				);
				INFOPLIST_FILE = Tests/Info.plist;
				LD_RUNPATH_SEARCH_PATHS = "$(inherited) @executable_path/Frameworks @loader_path/Frameworks";
				PRODUCT_BUNDLE_IDENTIFIER = "org.cocoapods.$(PRODUCT_NAME:rfc1034identifier)";
				PRODUCT_NAME = "$(TARGET_NAME)";
				SWIFT_SWIFT3_OBJC_INFERENCE = Default;
				SWIFT_VERSION = 5.0;
				TEST_HOST = "$(BUILT_PRODUCTS_DIR)/Liberalize-iOS_Example.app/Liberalize-iOS_Example";
			};
			name = Debug;
		};
		607FACF41AFB9204008FA782 /* Release */ = {
			isa = XCBuildConfiguration;
			baseConfigurationReference = 6C2ED7AB26AA15E2DF351DEB /* Pods-Liberalize-iOS_Tests.release.xcconfig */;
			buildSettings = {
				DEVELOPMENT_TEAM = 34UH8L35TS;
				FRAMEWORK_SEARCH_PATHS = (
					"$(PLATFORM_DIR)/Developer/Library/Frameworks",
					"$(inherited)",
				);
				INFOPLIST_FILE = Tests/Info.plist;
				LD_RUNPATH_SEARCH_PATHS = "$(inherited) @executable_path/Frameworks @loader_path/Frameworks";
				PRODUCT_BUNDLE_IDENTIFIER = "org.cocoapods.$(PRODUCT_NAME:rfc1034identifier)";
				PRODUCT_NAME = "$(TARGET_NAME)";
				SWIFT_SWIFT3_OBJC_INFERENCE = Default;
				SWIFT_VERSION = 5.0;
				TEST_HOST = "$(BUILT_PRODUCTS_DIR)/Liberalize-iOS_Example.app/Liberalize-iOS_Example";
			};
			name = Release;
		};
/* End XCBuildConfiguration section */

/* Begin XCConfigurationList section */
		607FACCB1AFB9204008FA782 /* Build configuration list for PBXProject "Liberalize-iOS" */ = {
			isa = XCConfigurationList;
			buildConfigurations = (
				607FACED1AFB9204008FA782 /* Debug */,
				607FACEE1AFB9204008FA782 /* Release */,
			);
			defaultConfigurationIsVisible = 0;
			defaultConfigurationName = Release;
		};
		607FACEF1AFB9204008FA782 /* Build configuration list for PBXNativeTarget "Liberalize-iOS_Example" */ = {
			isa = XCConfigurationList;
			buildConfigurations = (
				607FACF01AFB9204008FA782 /* Debug */,
				607FACF11AFB9204008FA782 /* Release */,
			);
			defaultConfigurationIsVisible = 0;
			defaultConfigurationName = Release;
		};
		607FACF21AFB9204008FA782 /* Build configuration list for PBXNativeTarget "Liberalize-iOS_Tests" */ = {
			isa = XCConfigurationList;
			buildConfigurations = (
				607FACF31AFB9204008FA782 /* Debug */,
				607FACF41AFB9204008FA782 /* Release */,
			);
			defaultConfigurationIsVisible = 0;
			defaultConfigurationName = Release;
		};
/* End XCConfigurationList section */
	};
	rootObject = 607FACC81AFB9204008FA782 /* Project object */;
}
